
Microsoft Visual Studio Solution File, Format Version 12.00
# Visual Studio Version 17
VisualStudioVersion = 17.0.31903.59
MinimumVisualStudioVersion = 10.0.40219.1
Project("{2150E333-8FDC-42A3-9474-1A3956D46DE8}") = "src", "src", "{827E0CD3-B72D-47B6-A68D-7590B98EB39B}"
EndProject
Project("{FAE04EC0-301F-11D3-BF4B-00C04F79EFBC}") = "Saga.Contracts", "src\Saga.Contracts\Saga.Contracts.csproj", "{260D8909-E47A-4F0F-8A51-1F2BD11CD896}"
EndProject
Project("{FAE04EC0-301F-11D3-BF4B-00C04F79EFBC}") = "Order.Api", "src\Order.Api\Order.Api.csproj", "{C1647472-5272-419A-A31F-BB0274A09AA6}"
EndProject
Project("{FAE04EC0-301F-11D3-BF4B-00C04F79EFBC}") = "Saga.Orchestrator", "src\Saga.Orchestrator\Saga.Orchestrator.csproj", "{F18B886D-84C5-45A6-A9CA-DC4A36C14108}"
EndProject
Project("{FAE04EC0-301F-11D3-BF4B-00C04F79EFBC}") = "Inventory.Worker", "src\Inventory.Worker\Inventory.Worker.csproj", "{7A0C93BA-5199-419C-A643-E83F13A6A141}"
EndProject
Project("{FAE04EC0-301F-11D3-BF4B-00C04F79EFBC}") = "Payment.Worker", "src\Payment.Worker\Payment.Worker.csproj", "{6434F5D3-862F-4C39-BB94-6D1232131C3F}"
EndProject
Project("{FAE04EC0-301F-11D3-BF4B-00C04F79EFBC}") = "Notification.Worker", "src\Notification.Worker\Notification.Worker.csproj", "{F6427A60-AA3C-4A23-9FE4-F7244C900C4B}"
EndProject
Project("{2150E333-8FDC-42A3-9474-1A3956D46DE8}") = "tests", "tests", "{0AB3BF05-4346-4AA6-1389-037BE0695223}"
EndProject
Project("{FAE04EC0-301F-11D3-BF4B-00C04F79EFBC}") = "SagaPattern.Tests", "tests\SagaPattern.Tests\SagaPattern.Tests.csproj", "{6D74C6AD-6956-47BE-8BEC-CD21254754DB}"
EndProject
Global
	GlobalSection(SolutionConfigurationPlatforms) = preSolution
		Debug|Any CPU = Debug|Any CPU
		Debug|x64 = Debug|x64
		Debug|x86 = Debug|x86
		Release|Any CPU = Release|Any CPU
		Release|x64 = Release|x64
		Release|x86 = Release|x86
	EndGlobalSection
	GlobalSection(ProjectConfigurationPlatforms) = postSolution
		{260D8909-E47A-4F0F-8A51-1F2BD11CD896}.Debug|Any CPU.ActiveCfg = Debug|Any CPU
		{260D8909-E47A-4F0F-8A51-1F2BD11CD896}.Debug|Any CPU.Build.0 = Debug|Any CPU
		{260D8909-E47A-4F0F-8A51-1F2BD11CD896}.Debug|x64.ActiveCfg = Debug|Any CPU
		{260D8909-E47A-4F0F-8A51-1F2BD11CD896}.Debug|x64.Build.0 = Debug|Any CPU
		{260D8909-E47A-4F0F-8A51-1F2BD11CD896}.Debug|x86.ActiveCfg = Debug|Any CPU
		{260D8909-E47A-4F0F-8A51-1F2BD11CD896}.Debug|x86.Build.0 = Debug|Any CPU
		{260D8909-E47A-4F0F-8A51-1F2BD11CD896}.Release|Any CPU.ActiveCfg = Release|Any CPU
		{260D8909-E47A-4F0F-8A51-1F2BD11CD896}.Release|Any CPU.Build.0 = Release|Any CPU
		{260D8909-E47A-4F0F-8A51-1F2BD11CD896}.Release|x64.ActiveCfg = Release|Any CPU
		{260D8909-E47A-4F0F-8A51-1F2BD11CD896}.Release|x64.Build.0 = Release|Any CPU
		{260D8909-E47A-4F0F-8A51-1F2BD11CD896}.Release|x86.ActiveCfg = Release|Any CPU
		{260D8909-E47A-4F0F-8A51-1F2BD11CD896}.Release|x86.Build.0 = Release|Any CPU
		{C1647472-5272-419A-A31F-BB0274A09AA6}.Debug|Any CPU.ActiveCfg = Debug|Any CPU
		{C1647472-5272-419A-A31F-BB0274A09AA6}.Debug|Any CPU.Build.0 = Debug|Any CPU
		{C1647472-5272-419A-A31F-BB0274A09AA6}.Debug|x64.ActiveCfg = Debug|Any CPU
		{C1647472-5272-419A-A31F-BB0274A09AA6}.Debug|x64.Build.0 = Debug|Any CPU
		{C1647472-5272-419A-A31F-BB0274A09AA6}.Debug|x86.ActiveCfg = Debug|Any CPU
		{C1647472-5272-419A-A31F-BB0274A09AA6}.Debug|x86.Build.0 = Debug|Any CPU
		{C1647472-5272-419A-A31F-BB0274A09AA6}.Release|Any CPU.ActiveCfg = Release|Any CPU
		{C1647472-5272-419A-A31F-BB0274A09AA6}.Release|Any CPU.Build.0 = Release|Any CPU
		{C1647472-5272-419A-A31F-BB0274A09AA6}.Release|x64.ActiveCfg = Release|Any CPU
		{C1647472-5272-419A-A31F-BB0274A09AA6}.Release|x64.Build.0 = Release|Any CPU
		{C1647472-5272-419A-A31F-BB0274A09AA6}.Release|x86.ActiveCfg = Release|Any CPU
		{C1647472-5272-419A-A31F-BB0274A09AA6}.Release|x86.Build.0 = Release|Any CPU
		{F18B886D-84C5-45A6-A9CA-DC4A36C14108}.Debug|Any CPU.ActiveCfg = Debug|Any CPU
		{F18B886D-84C5-45A6-A9CA-DC4A36C14108}.Debug|Any CPU.Build.0 = Debug|Any CPU
		{F18B886D-84C5-45A6-A9CA-DC4A36C14108}.Debug|x64.ActiveCfg = Debug|Any CPU
		{F18B886D-84C5-45A6-A9CA-DC4A36C14108}.Debug|x64.Build.0 = Debug|Any CPU
		{F18B886D-84C5-45A6-A9CA-DC4A36C14108}.Debug|x86.ActiveCfg = Debug|Any CPU
		{F18B886D-84C5-45A6-A9CA-DC4A36C14108}.Debug|x86.Build.0 = Debug|Any CPU
		{F18B886D-84C5-45A6-A9CA-DC4A36C14108}.Release|Any CPU.ActiveCfg = Release|Any CPU
		{F18B886D-84C5-45A6-A9CA-DC4A36C14108}.Release|Any CPU.Build.0 = Release|Any CPU
		{F18B886D-84C5-45A6-A9CA-DC4A36C14108}.Release|x64.ActiveCfg = Release|Any CPU
		{F18B886D-84C5-45A6-A9CA-DC4A36C14108}.Release|x64.Build.0 = Release|Any CPU
		{F18B886D-84C5-45A6-A9CA-DC4A36C14108}.Release|x86.ActiveCfg = Release|Any CPU
		{F18B886D-84C5-45A6-A9CA-DC4A36C14108}.Release|x86.Build.0 = Release|Any CPU
		{7A0C93BA-5199-419C-A643-E83F13A6A141}.Debug|Any CPU.ActiveCfg = Debug|Any CPU
		{7A0C93BA-5199-419C-A643-E83F13A6A141}.Debug|Any CPU.Build.0 = Debug|Any CPU
		{7A0C93BA-5199-419C-A643-E83F13A6A141}.Debug|x64.ActiveCfg = Debug|Any CPU
		{7A0C93BA-5199-419C-A643-E83F13A6A141}.Debug|x64.Build.0 = Debug|Any CPU
		{7A0C93BA-5199-419C-A643-E83F13A6A141}.Debug|x86.ActiveCfg = Debug|Any CPU
		{7A0C93BA-5199-419C-A643-E83F13A6A141}.Debug|x86.Build.0 = Debug|Any CPU
		{7A0C93BA-5199-419C-A643-E83F13A6A141}.Release|Any CPU.ActiveCfg = Release|Any CPU
		{7A0C93BA-5199-419C-A643-E83F13A6A141}.Release|Any CPU.Build.0 = Release|Any CPU
		{7A0C93BA-5199-419C-A643-E83F13A6A141}.Release|x64.ActiveCfg = Release|Any CPU
		{7A0C93BA-5199-419C-A643-E83F13A6A141}.Release|x64.Build.0 = Release|Any CPU
		{7A0C93BA-5199-419C-A643-E83F13A6A141}.Release|x86.ActiveCfg = Release|Any CPU
		{7A0C93BA-5199-419C-A643-E83F13A6A141}.Release|x86.Build.0 = Release|Any CPU
		{6434F5D3-862F-4C39-BB94-6D1232131C3F}.Debug|Any CPU.ActiveCfg = Debug|Any CPU
		{6434F5D3-862F-4C39-BB94-6D1232131C3F}.Debug|Any CPU.Build.0 = Debug|Any CPU
		{6434F5D3-862F-4C39-BB94-6D1232131C3F}.Debug|x64.ActiveCfg = Debug|Any CPU
		{6434F5D3-862F-4C39-BB94-6D1232131C3F}.Debug|x64.Build.0 = Debug|Any CPU
		{6434F5D3-862F-4C39-BB94-6D1232131C3F}.Debug|x86.ActiveCfg = Debug|Any CPU
		{6434F5D3-862F-4C39-BB94-6D1232131C3F}.Debug|x86.Build.0 = Debug|Any CPU
		{6434F5D3-862F-4C39-BB94-6D1232131C3F}.Release|Any CPU.ActiveCfg = Release|Any CPU
		{6434F5D3-862F-4C39-BB94-6D1232131C3F}.Release|Any CPU.Build.0 = Release|Any CPU
		{6434F5D3-862F-4C39-BB94-6D1232131C3F}.Release|x64.ActiveCfg = Release|Any CPU
		{6434F5D3-862F-4C39-BB94-6D1232131C3F}.Release|x64.Build.0 = Release|Any CPU
		{6434F5D3-862F-4C39-BB94-6D1232131C3F}.Release|x86.ActiveCfg = Release|Any CPU
		{6434F5D3-862F-4C39-BB94-6D1232131C3F}.Release|x86.Build.0 = Release|Any CPU
		{F6427A60-AA3C-4A23-9FE4-F7244C900C4B}.Debug|Any CPU.ActiveCfg = Debug|Any CPU
		{F6427A60-AA3C-4A23-9FE4-F7244C900C4B}.Debug|Any CPU.Build.0 = Debug|Any CPU
		{F6427A60-AA3C-4A23-9FE4-F7244C900C4B}.Debug|x64.ActiveCfg = Debug|Any CPU
		{F6427A60-AA3C-4A23-9FE4-F7244C900C4B}.Debug|x64.Build.0 = Debug|Any CPU
		{F6427A60-AA3C-4A23-9FE4-F7244C900C4B}.Debug|x86.ActiveCfg = Debug|Any CPU
		{F6427A60-AA3C-4A23-9FE4-F7244C900C4B}.Debug|x86.Build.0 = Debug|Any CPU
		{F6427A60-AA3C-4A23-9FE4-F7244C900C4B}.Release|Any CPU.ActiveCfg = Release|Any CPU
		{F6427A60-AA3C-4A23-9FE4-F7244C900C4B}.Release|Any CPU.Build.0 = Release|Any CPU
		{F6427A60-AA3C-4A23-9FE4-F7244C900C4B}.Release|x64.ActiveCfg = Release|Any CPU
		{F6427A60-AA3C-4A23-9FE4-F7244C900C4B}.Release|x64.Build.0 = Release|Any CPU
		{F6427A60-AA3C-4A23-9FE4-F7244C900C4B}.Release|x86.ActiveCfg = Release|Any CPU
		{F6427A60-AA3C-4A23-9FE4-F7244C900C4B}.Release|x86.Build.0 = Release|Any CPU
		{6D74C6AD-6956-47BE-8BEC-CD21254754DB}.Debug|Any CPU.ActiveCfg = Debug|Any CPU
		{6D74C6AD-6956-47BE-8BEC-CD21254754DB}.Debug|Any CPU.Build.0 = Debug|Any CPU
		{6D74C6AD-6956-47BE-8BEC-CD21254754DB}.Debug|x64.ActiveCfg = Debug|Any CPU
		{6D74C6AD-6956-47BE-8BEC-CD21254754DB}.Debug|x64.Build.0 = Debug|Any CPU
		{6D74C6AD-6956-47BE-8BEC-CD21254754DB}.Debug|x86.ActiveCfg = Debug|Any CPU
		{6D74C6AD-6956-47BE-8BEC-CD21254754DB}.Debug|x86.Build.0 = Debug|Any CPU
		{6D74C6AD-6956-47BE-8BEC-CD21254754DB}.Release|Any CPU.ActiveCfg = Release|Any CPU
		{6D74C6AD-6956-47BE-8BEC-CD21254754DB}.Release|Any CPU.Build.0 = Release|Any CPU
		{6D74C6AD-6956-47BE-8BEC-CD21254754DB}.Release|x64.ActiveCfg = Release|Any CPU
		{6D74C6AD-6956-47BE-8BEC-CD21254754DB}.Release|x64.Build.0 = Release|Any CPU
		{6D74C6AD-6956-47BE-8BEC-CD21254754DB}.Release|x86.ActiveCfg = Release|Any CPU
		{6D74C6AD-6956-47BE-8BEC-CD21254754DB}.Release|x86.Build.0 = Release|Any CPU
	EndGlobalSection
	GlobalSection(SolutionProperties) = preSolution
		HideSolutionNode = FALSE
	EndGlobalSection
	GlobalSection(NestedProjects) = preSolution
		{260D8909-E47A-4F0F-8A51-1F2BD11CD896} = {827E0CD3-B72D-47B6-A68D-7590B98EB39B}
		{C1647472-5272-419A-A31F-BB0274A09AA6} = {827E0CD3-B72D-47B6-A68D-7590B98EB39B}
		{F18B886D-84C5-45A6-A9CA-DC4A36C14108} = {827E0CD3-B72D-47B6-A68D-7590B98EB39B}
		{7A0C93BA-5199-419C-A643-E83F13A6A141} = {827E0CD3-B72D-47B6-A68D-7590B98EB39B}
		{6434F5D3-862F-4C39-BB94-6D1232131C3F} = {827E0CD3-B72D-47B6-A68D-7590B98EB39B}
		{F6427A60-AA3C-4A23-9FE4-F7244C900C4B} = {827E0CD3-B72D-47B6-A68D-7590B98EB39B}
		{6D74C6AD-6956-47BE-8BEC-CD21254754DB} = {0AB3BF05-4346-4AA6-1389-037BE0695223}
	EndGlobalSection
EndGlobal
